
Microsoft Visual Studio Solution File, Format Version 12.00
# Visual Studio Version 17
VisualStudioVersion = 17.11.35312.102
MinimumVisualStudioVersion = 10.0.40219.1
Project("{FAE04EC0-301F-11D3-BF4B-00C04F79EFBC}") = "HelloTushar2", "HelloTushar2\HelloTushar2.csproj", "{ED355C8E-7181-4485-A139-979F9BB5EAE8}"
EndProject
Global
	GlobalSection(SolutionConfigurationPlatforms) = preSolution
		Debug|Any CPU = Debug|Any CPU
		Release|Any CPU = Release|Any CPU
	EndGlobalSection
	GlobalSection(ProjectConfigurationPlatforms) = postSolution
		{ED355C8E-7181-4485-A139-979F9BB5EAE8}.Debug|Any CPU.ActiveCfg = Debug|Any CPU
		{ED355C8E-7181-4485-A139-979F9BB5EAE8}.Debug|Any CPU.Build.0 = Debug|Any CPU
		{ED355C8E-7181-4485-A139-979F9BB5EAE8}.Release|Any CPU.ActiveCfg = Release|Any CPU
		{ED355C8E-7181-4485-A139-979F9BB5EAE8}.Release|Any CPU.Build.0 = Release|Any CPU
	EndGlobalSection
	GlobalSection(SolutionProperties) = preSolution
		HideSolutionNode = FALSE
	EndGlobalSection
	GlobalSection(ExtensibilityGlobals) = postSolution
		SolutionGuid = {6C5E9940-1300-4B26-83F6-F337E7517249}
	EndGlobalSection
EndGlobal
